
Microsoft Visual Studio Solution File, Format Version 12.00
# Visual Studio Version 17
VisualStudioVersion = 17.11.35303.130
MinimumVisualStudioVersion = 10.0.40219.1
Project("{9A19103F-16F7-4668-BE54-9A1E7A4F7556}") = "alexbelokopytov3-mvc", "alexbelokopytov3-mvc.csproj", "{935DB119-E3DF-4616-95B3-E055A2D76980}"
EndProject
Global
	GlobalSection(SolutionConfigurationPlatforms) = preSolution
		Debug|Any CPU = Debug|Any CPU
		Release|Any CPU = Release|Any CPU
	EndGlobalSection
	GlobalSection(ProjectConfigurationPlatforms) = postSolution
		{935DB119-E3DF-4616-95B3-E055A2D76980}.Debug|Any CPU.ActiveCfg = Debug|Any CPU
		{935DB119-E3DF-4616-95B3-E055A2D76980}.Debug|Any CPU.Build.0 = Debug|Any CPU
		{935DB119-E3DF-4616-95B3-E055A2D76980}.Release|Any CPU.ActiveCfg = Release|Any CPU
		{935DB119-E3DF-4616-95B3-E055A2D76980}.Release|Any CPU.Build.0 = Release|Any CPU
	EndGlobalSection
	GlobalSection(SolutionProperties) = preSolution
		HideSolutionNode = FALSE
	EndGlobalSection
	GlobalSection(ExtensibilityGlobals) = postSolution
		SolutionGuid = {937ACBAE-CD0D-4A61-944D-D324C2AB719B}
	EndGlobalSection
EndGlobal
